// !$*UTF8*$!
{
	archiveVersion = 1;
	classes = {
	};
	objectVersion = 48;
	objects = {

/* Begin PBXBuildFile section */
		21AB5252C5E14BA09AA25B4B /* Pods_insta.framework in Frameworks */ = {isa = PBXBuildFile; fileRef = 8D98EE10446483CA6B19E90E /* Pods_insta.framework */; };
		88D21520ADA86272201D6693 /* Pods_instaUITests.framework in Frameworks */ = {isa = PBXBuildFile; fileRef = 4D9426586D590B2EDABF0BD7 /* Pods_instaUITests.framework */; };
		B8356983204359CE00982256 /* LoginViewController.swift in Sources */ = {isa = PBXBuildFile; fileRef = B8356982204359CE00982256 /* LoginViewController.swift */; };
		B8C2C2DF2043A59100DF368D /* HomePageViewController.swift in Sources */ = {isa = PBXBuildFile; fileRef = B8C2C2DE2043A59100DF368D /* HomePageViewController.swift */; };
		B8C94DA32043C3CD004D0836 /* Post.swift in Sources */ = {isa = PBXBuildFile; fileRef = B8C94DA22043C3CD004D0836 /* Post.swift */; };
		B8C94DA62043D2FB004D0836 /* NewPostViewController.swift in Sources */ = {isa = PBXBuildFile; fileRef = B8C94DA52043D2FB004D0836 /* NewPostViewController.swift */; };
		B8C9BA312043E1BE000A4CA8 /* PostCell.swift in Sources */ = {isa = PBXBuildFile; fileRef = B8C9BA302043E1BE000A4CA8 /* PostCell.swift */; };
		B8C9BA332044C150000A4CA8 /* PostDetailViewController.swift in Sources */ = {isa = PBXBuildFile; fileRef = B8C9BA322044C150000A4CA8 /* PostDetailViewController.swift */; };
		B8CC3457204351740012A567 /* AppDelegate.swift in Sources */ = {isa = PBXBuildFile; fileRef = B8CC3456204351740012A567 /* AppDelegate.swift */; };
		B8CC345C204351740012A567 /* Main.storyboard in Resources */ = {isa = PBXBuildFile; fileRef = B8CC345A204351740012A567 /* Main.storyboard */; };
		B8CC345E204351740012A567 /* Assets.xcassets in Resources */ = {isa = PBXBuildFile; fileRef = B8CC345D204351740012A567 /* Assets.xcassets */; };
		B8CC3461204351740012A567 /* LaunchScreen.storyboard in Resources */ = {isa = PBXBuildFile; fileRef = B8CC345F204351740012A567 /* LaunchScreen.storyboard */; };
		B8CC346C204351740012A567 /* instaTests.swift in Sources */ = {isa = PBXBuildFile; fileRef = B8CC346B204351740012A567 /* instaTests.swift */; };
		B8CC3477204351740012A567 /* instaUITests.swift in Sources */ = {isa = PBXBuildFile; fileRef = B8CC3476204351740012A567 /* instaUITests.swift */; };
		F6C90730B64E1CF1F30C9896 /* Pods_instaTests.framework in Frameworks */ = {isa = PBXBuildFile; fileRef = 6BDDC71D04C19F6FB6FE3C1D /* Pods_instaTests.framework */; };
/* End PBXBuildFile section */

/* Begin PBXContainerItemProxy section */
		B8CC3468204351740012A567 /* PBXContainerItemProxy */ = {
			isa = PBXContainerItemProxy;
			containerPortal = B8CC344B204351740012A567 /* Project object */;
			proxyType = 1;
			remoteGlobalIDString = B8CC3452204351740012A567;
			remoteInfo = insta;
		};
		B8CC3473204351740012A567 /* PBXContainerItemProxy */ = {
			isa = PBXContainerItemProxy;
			containerPortal = B8CC344B204351740012A567 /* Project object */;
			proxyType = 1;
			remoteGlobalIDString = B8CC3452204351740012A567;
			remoteInfo = insta;
		};
/* End PBXContainerItemProxy section */

/* Begin PBXFileReference section */
		18B289D06C536ABB37D3481D /* Pods-instaUITests.debug.xcconfig */ = {isa = PBXFileReference; includeInIndex = 1; lastKnownFileType = text.xcconfig; name = "Pods-instaUITests.debug.xcconfig"; path = "Pods/Target Support Files/Pods-instaUITests/Pods-instaUITests.debug.xcconfig"; sourceTree = "<group>"; };
		4D9426586D590B2EDABF0BD7 /* Pods_instaUITests.framework */ = {isa = PBXFileReference; explicitFileType = wrapper.framework; includeInIndex = 0; path = Pods_instaUITests.framework; sourceTree = BUILT_PRODUCTS_DIR; };
		6BDDC71D04C19F6FB6FE3C1D /* Pods_instaTests.framework */ = {isa = PBXFileReference; explicitFileType = wrapper.framework; includeInIndex = 0; path = Pods_instaTests.framework; sourceTree = BUILT_PRODUCTS_DIR; };
		8D98EE10446483CA6B19E90E /* Pods_insta.framework */ = {isa = PBXFileReference; explicitFileType = wrapper.framework; includeInIndex = 0; path = Pods_insta.framework; sourceTree = BUILT_PRODUCTS_DIR; };
		9547728CF0FA733EDCF24948 /* Pods-insta.debug.xcconfig */ = {isa = PBXFileReference; includeInIndex = 1; lastKnownFileType = text.xcconfig; name = "Pods-insta.debug.xcconfig"; path = "Pods/Target Support Files/Pods-insta/Pods-insta.debug.xcconfig"; sourceTree = "<group>"; };
		AB8D82B95BF0518C5E37CB7C /* Pods-instaTests.debug.xcconfig */ = {isa = PBXFileReference; includeInIndex = 1; lastKnownFileType = text.xcconfig; name = "Pods-instaTests.debug.xcconfig"; path = "Pods/Target Support Files/Pods-instaTests/Pods-instaTests.debug.xcconfig"; sourceTree = "<group>"; };
		B8356982204359CE00982256 /* LoginViewController.swift */ = {isa = PBXFileReference; lastKnownFileType = sourcecode.swift; path = LoginViewController.swift; sourceTree = "<group>"; };
		B8C2C2DE2043A59100DF368D /* HomePageViewController.swift */ = {isa = PBXFileReference; lastKnownFileType = sourcecode.swift; path = HomePageViewController.swift; sourceTree = "<group>"; };
		B8C94DA22043C3CD004D0836 /* Post.swift */ = {isa = PBXFileReference; lastKnownFileType = sourcecode.swift; path = Post.swift; sourceTree = "<group>"; };
		B8C94DA52043D2FB004D0836 /* NewPostViewController.swift */ = {isa = PBXFileReference; lastKnownFileType = sourcecode.swift; path = NewPostViewController.swift; sourceTree = "<group>"; };
		B8C9BA302043E1BE000A4CA8 /* PostCell.swift */ = {isa = PBXFileReference; lastKnownFileType = sourcecode.swift; path = PostCell.swift; sourceTree = "<group>"; };
		B8C9BA322044C150000A4CA8 /* PostDetailViewController.swift */ = {isa = PBXFileReference; lastKnownFileType = sourcecode.swift; path = PostDetailViewController.swift; sourceTree = "<group>"; };
		B8CC3453204351740012A567 /* insta.app */ = {isa = PBXFileReference; explicitFileType = wrapper.application; includeInIndex = 0; path = insta.app; sourceTree = BUILT_PRODUCTS_DIR; };
		B8CC3456204351740012A567 /* AppDelegate.swift */ = {isa = PBXFileReference; lastKnownFileType = sourcecode.swift; path = AppDelegate.swift; sourceTree = "<group>"; };
		B8CC345B204351740012A567 /* Base */ = {isa = PBXFileReference; lastKnownFileType = file.storyboard; name = Base; path = Base.lproj/Main.storyboard; sourceTree = "<group>"; };
		B8CC345D204351740012A567 /* Assets.xcassets */ = {isa = PBXFileReference; lastKnownFileType = folder.assetcatalog; path = Assets.xcassets; sourceTree = "<group>"; };
		B8CC3460204351740012A567 /* Base */ = {isa = PBXFileReference; lastKnownFileType = file.storyboard; name = Base; path = Base.lproj/LaunchScreen.storyboard; sourceTree = "<group>"; };
		B8CC3462204351740012A567 /* Info.plist */ = {isa = PBXFileReference; lastKnownFileType = text.plist.xml; path = Info.plist; sourceTree = "<group>"; };
		B8CC3467204351740012A567 /* instaTests.xctest */ = {isa = PBXFileReference; explicitFileType = wrapper.cfbundle; includeInIndex = 0; path = instaTests.xctest; sourceTree = BUILT_PRODUCTS_DIR; };
		B8CC346B204351740012A567 /* instaTests.swift */ = {isa = PBXFileReference; lastKnownFileType = sourcecode.swift; path = instaTests.swift; sourceTree = "<group>"; };
		B8CC346D204351740012A567 /* Info.plist */ = {isa = PBXFileReference; lastKnownFileType = text.plist.xml; path = Info.plist; sourceTree = "<group>"; };
		B8CC3472204351740012A567 /* instaUITests.xctest */ = {isa = PBXFileReference; explicitFileType = wrapper.cfbundle; includeInIndex = 0; path = instaUITests.xctest; sourceTree = BUILT_PRODUCTS_DIR; };
		B8CC3476204351740012A567 /* instaUITests.swift */ = {isa = PBXFileReference; lastKnownFileType = sourcecode.swift; path = instaUITests.swift; sourceTree = "<group>"; };
		B8CC3478204351740012A567 /* Info.plist */ = {isa = PBXFileReference; lastKnownFileType = text.plist.xml; path = Info.plist; sourceTree = "<group>"; };
		C67FB92E0202D2E0129BA8D5 /* Pods-instaUITests.release.xcconfig */ = {isa = PBXFileReference; includeInIndex = 1; lastKnownFileType = text.xcconfig; name = "Pods-instaUITests.release.xcconfig"; path = "Pods/Target Support Files/Pods-instaUITests/Pods-instaUITests.release.xcconfig"; sourceTree = "<group>"; };
		D2882886AD13DE0CE47645D1 /* Pods-insta.release.xcconfig */ = {isa = PBXFileReference; includeInIndex = 1; lastKnownFileType = text.xcconfig; name = "Pods-insta.release.xcconfig"; path = "Pods/Target Support Files/Pods-insta/Pods-insta.release.xcconfig"; sourceTree = "<group>"; };
		E1F95CF8B6D2DD19638A2E88 /* Pods-instaTests.release.xcconfig */ = {isa = PBXFileReference; includeInIndex = 1; lastKnownFileType = text.xcconfig; name = "Pods-instaTests.release.xcconfig"; path = "Pods/Target Support Files/Pods-instaTests/Pods-instaTests.release.xcconfig"; sourceTree = "<group>"; };
/* End PBXFileReference section */

/* Begin PBXFrameworksBuildPhase section */
		B8CC3450204351740012A567 /* Frameworks */ = {
			isa = PBXFrameworksBuildPhase;
			buildActionMask = 2147483647;
			files = (
				21AB5252C5E14BA09AA25B4B /* Pods_insta.framework in Frameworks */,
			);
			runOnlyForDeploymentPostprocessing = 0;
		};
		B8CC3464204351740012A567 /* Frameworks */ = {
			isa = PBXFrameworksBuildPhase;
			buildActionMask = 2147483647;
			files = (
				F6C90730B64E1CF1F30C9896 /* Pods_instaTests.framework in Frameworks */,
			);
			runOnlyForDeploymentPostprocessing = 0;
		};
		B8CC346F204351740012A567 /* Frameworks */ = {
			isa = PBXFrameworksBuildPhase;
			buildActionMask = 2147483647;
			files = (
				88D21520ADA86272201D6693 /* Pods_instaUITests.framework in Frameworks */,
			);
			runOnlyForDeploymentPostprocessing = 0;
		};
/* End PBXFrameworksBuildPhase section */

/* Begin PBXGroup section */
		5435A1E9FE132043D0130909 /* Pods */ = {
			isa = PBXGroup;
			children = (
				9547728CF0FA733EDCF24948 /* Pods-insta.debug.xcconfig */,
				D2882886AD13DE0CE47645D1 /* Pods-insta.release.xcconfig */,
				AB8D82B95BF0518C5E37CB7C /* Pods-instaTests.debug.xcconfig */,
				E1F95CF8B6D2DD19638A2E88 /* Pods-instaTests.release.xcconfig */,
				18B289D06C536ABB37D3481D /* Pods-instaUITests.debug.xcconfig */,
				C67FB92E0202D2E0129BA8D5 /* Pods-instaUITests.release.xcconfig */,
			);
			name = Pods;
			sourceTree = "<group>";
		};
		B8C94DA42043D2CB004D0836 /* ViewControllers */ = {
			isa = PBXGroup;
			children = (
				B8356982204359CE00982256 /* LoginViewController.swift */,
				B8C2C2DE2043A59100DF368D /* HomePageViewController.swift */,
				B8C94DA52043D2FB004D0836 /* NewPostViewController.swift */,
				B8C9BA322044C150000A4CA8 /* PostDetailViewController.swift */,
			);
			path = ViewControllers;
			sourceTree = "<group>";
		};
		B8C94DA72043D33D004D0836 /* Custom */ = {
			isa = PBXGroup;
			children = (
				B8C94DA22043C3CD004D0836 /* Post.swift */,
				B8C9BA302043E1BE000A4CA8 /* PostCell.swift */,
			);
			path = Custom;
			sourceTree = "<group>";
		};
		B8CC344A204351740012A567 = {
			isa = PBXGroup;
			children = (
				B8CC3455204351740012A567 /* insta */,
				B8CC346A204351740012A567 /* instaTests */,
				B8CC3475204351740012A567 /* instaUITests */,
				B8CC3454204351740012A567 /* Products */,
				5435A1E9FE132043D0130909 /* Pods */,
				BEB7E3D5F6BB616362CFB51C /* Frameworks */,
			);
			sourceTree = "<group>";
		};
		B8CC3454204351740012A567 /* Products */ = {
			isa = PBXGroup;
			children = (
				B8CC3453204351740012A567 /* insta.app */,
				B8CC3467204351740012A567 /* instaTests.xctest */,
				B8CC3472204351740012A567 /* instaUITests.xctest */,
			);
			name = Products;
			sourceTree = "<group>";
		};
		B8CC3455204351740012A567 /* insta */ = {
			isa = PBXGroup;
			children = (
				B8C94DA72043D33D004D0836 /* Custom */,
				B8C94DA42043D2CB004D0836 /* ViewControllers */,
				B8CC3456204351740012A567 /* AppDelegate.swift */,
				B8CC345A204351740012A567 /* Main.storyboard */,
				B8CC345D204351740012A567 /* Assets.xcassets */,
				B8CC345F204351740012A567 /* LaunchScreen.storyboard */,
				B8CC3462204351740012A567 /* Info.plist */,
			);
			path = insta;
			sourceTree = "<group>";
		};
		B8CC346A204351740012A567 /* instaTests */ = {
			isa = PBXGroup;
			children = (
				B8CC346B204351740012A567 /* instaTests.swift */,
				B8CC346D204351740012A567 /* Info.plist */,
			);
			path = instaTests;
			sourceTree = "<group>";
		};
		B8CC3475204351740012A567 /* instaUITests */ = {
			isa = PBXGroup;
			children = (
				B8CC3476204351740012A567 /* instaUITests.swift */,
				B8CC3478204351740012A567 /* Info.plist */,
			);
			path = instaUITests;
			sourceTree = "<group>";
		};
		BEB7E3D5F6BB616362CFB51C /* Frameworks */ = {
			isa = PBXGroup;
			children = (
				8D98EE10446483CA6B19E90E /* Pods_insta.framework */,
				6BDDC71D04C19F6FB6FE3C1D /* Pods_instaTests.framework */,
				4D9426586D590B2EDABF0BD7 /* Pods_instaUITests.framework */,
			);
			name = Frameworks;
			sourceTree = "<group>";
		};
/* End PBXGroup section */

/* Begin PBXNativeTarget section */
		B8CC3452204351740012A567 /* insta */ = {
			isa = PBXNativeTarget;
			buildConfigurationList = B8CC347B204351740012A567 /* Build configuration list for PBXNativeTarget "insta" */;
			buildPhases = (
				73475EDD3F412204DF471013 /* [CP] Check Pods Manifest.lock */,
				B8CC344F204351740012A567 /* Sources */,
				B8CC3450204351740012A567 /* Frameworks */,
				B8CC3451204351740012A567 /* Resources */,
				5CA4AB8D257E3DF589483145 /* [CP] Embed Pods Frameworks */,
				D89B3D1B2AE2999E2D2439F8 /* [CP] Copy Pods Resources */,
			);
			buildRules = (
			);
			dependencies = (
			);
			name = insta;
			productName = insta;
			productReference = B8CC3453204351740012A567 /* insta.app */;
			productType = "com.apple.product-type.application";
		};
		B8CC3466204351740012A567 /* instaTests */ = {
			isa = PBXNativeTarget;
			buildConfigurationList = B8CC347E204351740012A567 /* Build configuration list for PBXNativeTarget "instaTests" */;
			buildPhases = (
				11B43A8118E937A4AA2CEB90 /* [CP] Check Pods Manifest.lock */,
				B8CC3463204351740012A567 /* Sources */,
				B8CC3464204351740012A567 /* Frameworks */,
				B8CC3465204351740012A567 /* Resources */,
				B588878C74A9F9EDCCDA36B2 /* [CP] Embed Pods Frameworks */,
				2FE7A17145AD85C258631755 /* [CP] Copy Pods Resources */,
			);
			buildRules = (
			);
			dependencies = (
				B8CC3469204351740012A567 /* PBXTargetDependency */,
			);
			name = instaTests;
			productName = instaTests;
			productReference = B8CC3467204351740012A567 /* instaTests.xctest */;
			productType = "com.apple.product-type.bundle.unit-test";
		};
		B8CC3471204351740012A567 /* instaUITests */ = {
			isa = PBXNativeTarget;
			buildConfigurationList = B8CC3481204351740012A567 /* Build configuration list for PBXNativeTarget "instaUITests" */;
			buildPhases = (
				554C4A2F3FB1685B358E575A /* [CP] Check Pods Manifest.lock */,
				B8CC346E204351740012A567 /* Sources */,
				B8CC346F204351740012A567 /* Frameworks */,
				B8CC3470204351740012A567 /* Resources */,
				1569C86FB0CE185B1B840641 /* [CP] Embed Pods Frameworks */,
				584B882675D2BB91DCDBC7BC /* [CP] Copy Pods Resources */,
			);
			buildRules = (
			);
			dependencies = (
				B8CC3474204351740012A567 /* PBXTargetDependency */,
			);
			name = instaUITests;
			productName = instaUITests;
			productReference = B8CC3472204351740012A567 /* instaUITests.xctest */;
			productType = "com.apple.product-type.bundle.ui-testing";
		};
/* End PBXNativeTarget section */

/* Begin PBXProject section */
		B8CC344B204351740012A567 /* Project object */ = {
			isa = PBXProject;
			attributes = {
				LastSwiftUpdateCheck = 0920;
				LastUpgradeCheck = 0920;
				ORGANIZATIONNAME = "Nancy Gomez";
				TargetAttributes = {
					B8CC3452204351740012A567 = {
						CreatedOnToolsVersion = 9.2;
						ProvisioningStyle = Automatic;
					};
					B8CC3466204351740012A567 = {
						CreatedOnToolsVersion = 9.2;
						ProvisioningStyle = Automatic;
						TestTargetID = B8CC3452204351740012A567;
					};
					B8CC3471204351740012A567 = {
						CreatedOnToolsVersion = 9.2;
						ProvisioningStyle = Automatic;
						TestTargetID = B8CC3452204351740012A567;
					};
				};
			};
			buildConfigurationList = B8CC344E204351740012A567 /* Build configuration list for PBXProject "insta" */;
			compatibilityVersion = "Xcode 8.0";
			developmentRegion = en;
			hasScannedForEncodings = 0;
			knownRegions = (
				en,
				Base,
			);
			mainGroup = B8CC344A204351740012A567;
			productRefGroup = B8CC3454204351740012A567 /* Products */;
			projectDirPath = "";
			projectRoot = "";
			targets = (
				B8CC3452204351740012A567 /* insta */,
				B8CC3466204351740012A567 /* instaTests */,
				B8CC3471204351740012A567 /* instaUITests */,
			);
		};
/* End PBXProject section */

/* Begin PBXResourcesBuildPhase section */
		B8CC3451204351740012A567 /* Resources */ = {
			isa = PBXResourcesBuildPhase;
			buildActionMask = 2147483647;
			files = (
				B8CC3461204351740012A567 /* LaunchScreen.storyboard in Resources */,
				B8CC345E204351740012A567 /* Assets.xcassets in Resources */,
				B8CC345C204351740012A567 /* Main.storyboard in Resources */,
			);
			runOnlyForDeploymentPostprocessing = 0;
		};
		B8CC3465204351740012A567 /* Resources */ = {
			isa = PBXResourcesBuildPhase;
			buildActionMask = 2147483647;
			files = (
			);
			runOnlyForDeploymentPostprocessing = 0;
		};
		B8CC3470204351740012A567 /* Resources */ = {
			isa = PBXResourcesBuildPhase;
			buildActionMask = 2147483647;
			files = (
			);
			runOnlyForDeploymentPostprocessing = 0;
		};
/* End PBXResourcesBuildPhase section */

/* Begin PBXShellScriptBuildPhase section */
		11B43A8118E937A4AA2CEB90 /* [CP] Check Pods Manifest.lock */ = {
			isa = PBXShellScriptBuildPhase;
			buildActionMask = 2147483647;
			files = (
			);
			inputPaths = (
				"${PODS_PODFILE_DIR_PATH}/Podfile.lock",
				"${PODS_ROOT}/Manifest.lock",
			);
			name = "[CP] Check Pods Manifest.lock";
			outputPaths = (
				"$(DERIVED_FILE_DIR)/Pods-instaTests-checkManifestLockResult.txt",
			);
			runOnlyForDeploymentPostprocessing = 0;
			shellPath = /bin/sh;
			shellScript = "diff \"${PODS_PODFILE_DIR_PATH}/Podfile.lock\" \"${PODS_ROOT}/Manifest.lock\" > /dev/null\nif [ $? != 0 ] ; then\n    # print error to STDERR\n    echo \"error: The sandbox is not in sync with the Podfile.lock. Run 'pod install' or update your CocoaPods installation.\" >&2\n    exit 1\nfi\n# This output is used by Xcode 'outputs' to avoid re-running this script phase.\necho \"SUCCESS\" > \"${SCRIPT_OUTPUT_FILE_0}\"\n";
			showEnvVarsInLog = 0;
		};
		1569C86FB0CE185B1B840641 /* [CP] Embed Pods Frameworks */ = {
			isa = PBXShellScriptBuildPhase;
			buildActionMask = 2147483647;
			files = (
			);
			inputPaths = (
			);
			name = "[CP] Embed Pods Frameworks";
			outputPaths = (
			);
			runOnlyForDeploymentPostprocessing = 0;
			shellPath = /bin/sh;
			shellScript = "\"${SRCROOT}/Pods/Target Support Files/Pods-instaUITests/Pods-instaUITests-frameworks.sh\"\n";
			showEnvVarsInLog = 0;
		};
		2FE7A17145AD85C258631755 /* [CP] Copy Pods Resources */ = {
			isa = PBXShellScriptBuildPhase;
			buildActionMask = 2147483647;
			files = (
			);
			inputPaths = (
			);
			name = "[CP] Copy Pods Resources";
			outputPaths = (
			);
			runOnlyForDeploymentPostprocessing = 0;
			shellPath = /bin/sh;
			shellScript = "\"${SRCROOT}/Pods/Target Support Files/Pods-instaTests/Pods-instaTests-resources.sh\"\n";
			showEnvVarsInLog = 0;
		};
		554C4A2F3FB1685B358E575A /* [CP] Check Pods Manifest.lock */ = {
			isa = PBXShellScriptBuildPhase;
			buildActionMask = 2147483647;
			files = (
			);
			inputPaths = (
				"${PODS_PODFILE_DIR_PATH}/Podfile.lock",
				"${PODS_ROOT}/Manifest.lock",
			);
			name = "[CP] Check Pods Manifest.lock";
			outputPaths = (
				"$(DERIVED_FILE_DIR)/Pods-instaUITests-checkManifestLockResult.txt",
			);
			runOnlyForDeploymentPostprocessing = 0;
			shellPath = /bin/sh;
			shellScript = "diff \"${PODS_PODFILE_DIR_PATH}/Podfile.lock\" \"${PODS_ROOT}/Manifest.lock\" > /dev/null\nif [ $? != 0 ] ; then\n    # print error to STDERR\n    echo \"error: The sandbox is not in sync with the Podfile.lock. Run 'pod install' or update your CocoaPods installation.\" >&2\n    exit 1\nfi\n# This output is used by Xcode 'outputs' to avoid re-running this script phase.\necho \"SUCCESS\" > \"${SCRIPT_OUTPUT_FILE_0}\"\n";
			showEnvVarsInLog = 0;
		};
		584B882675D2BB91DCDBC7BC /* [CP] Copy Pods Resources */ = {
			isa = PBXShellScriptBuildPhase;
			buildActionMask = 2147483647;
			files = (
			);
			inputPaths = (
			);
			name = "[CP] Copy Pods Resources";
			outputPaths = (
			);
			runOnlyForDeploymentPostprocessing = 0;
			shellPath = /bin/sh;
			shellScript = "\"${SRCROOT}/Pods/Target Support Files/Pods-instaUITests/Pods-instaUITests-resources.sh\"\n";
			showEnvVarsInLog = 0;
		};
		5CA4AB8D257E3DF589483145 /* [CP] Embed Pods Frameworks */ = {
			isa = PBXShellScriptBuildPhase;
			buildActionMask = 2147483647;
			files = (
			);
			inputPaths = (
				"${SRCROOT}/Pods/Target Support Files/Pods-insta/Pods-insta-frameworks.sh",
				"${BUILT_PRODUCTS_DIR}/Bolts/Bolts.framework",
				"${BUILT_PRODUCTS_DIR}/Parse/Parse.framework",
				"${BUILT_PRODUCTS_DIR}/ParseUI/ParseUI.framework",
			);
			name = "[CP] Embed Pods Frameworks";
			outputPaths = (
				"${TARGET_BUILD_DIR}/${FRAMEWORKS_FOLDER_PATH}/Bolts.framework",
				"${TARGET_BUILD_DIR}/${FRAMEWORKS_FOLDER_PATH}/Parse.framework",
				"${TARGET_BUILD_DIR}/${FRAMEWORKS_FOLDER_PATH}/ParseUI.framework",
			);
			runOnlyForDeploymentPostprocessing = 0;
			shellPath = /bin/sh;
			shellScript = "\"${SRCROOT}/Pods/Target Support Files/Pods-insta/Pods-insta-frameworks.sh\"\n";
			showEnvVarsInLog = 0;
		};
		73475EDD3F412204DF471013 /* [CP] Check Pods Manifest.lock */ = {
			isa = PBXShellScriptBuildPhase;
			buildActionMask = 2147483647;
			files = (
			);
			inputPaths = (
				"${PODS_PODFILE_DIR_PATH}/Podfile.lock",
				"${PODS_ROOT}/Manifest.lock",
			);
			name = "[CP] Check Pods Manifest.lock";
			outputPaths = (
				"$(DERIVED_FILE_DIR)/Pods-insta-checkManifestLockResult.txt",
			);
			runOnlyForDeploymentPostprocessing = 0;
			shellPath = /bin/sh;
			shellScript = "diff \"${PODS_PODFILE_DIR_PATH}/Podfile.lock\" \"${PODS_ROOT}/Manifest.lock\" > /dev/null\nif [ $? != 0 ] ; then\n    # print error to STDERR\n    echo \"error: The sandbox is not in sync with the Podfile.lock. Run 'pod install' or update your CocoaPods installation.\" >&2\n    exit 1\nfi\n# This output is used by Xcode 'outputs' to avoid re-running this script phase.\necho \"SUCCESS\" > \"${SCRIPT_OUTPUT_FILE_0}\"\n";
			showEnvVarsInLog = 0;
		};
		B588878C74A9F9EDCCDA36B2 /* [CP] Embed Pods Frameworks */ = {
			isa = PBXShellScriptBuildPhase;
			buildActionMask = 2147483647;
			files = (
			);
			inputPaths = (
			);
			name = "[CP] Embed Pods Frameworks";
			outputPaths = (
			);
			runOnlyForDeploymentPostprocessing = 0;
			shellPath = /bin/sh;
			shellScript = "\"${SRCROOT}/Pods/Target Support Files/Pods-instaTests/Pods-instaTests-frameworks.sh\"\n";
			showEnvVarsInLog = 0;
		};
		D89B3D1B2AE2999E2D2439F8 /* [CP] Copy Pods Resources */ = {
			isa = PBXShellScriptBuildPhase;
			buildActionMask = 2147483647;
			files = (
			);
			inputPaths = (
			);
			name = "[CP] Copy Pods Resources";
			outputPaths = (
			);
			runOnlyForDeploymentPostprocessing = 0;
			shellPath = /bin/sh;
			shellScript = "\"${SRCROOT}/Pods/Target Support Files/Pods-insta/Pods-insta-resources.sh\"\n";
			showEnvVarsInLog = 0;
		};
/* End PBXShellScriptBuildPhase section */

/* Begin PBXSourcesBuildPhase section */
		B8CC344F204351740012A567 /* Sources */ = {
			isa = PBXSourcesBuildPhase;
			buildActionMask = 2147483647;
			files = (
				B8C9BA312043E1BE000A4CA8 /* PostCell.swift in Sources */,
				B8C9BA332044C150000A4CA8 /* PostDetailViewController.swift in Sources */,
				B8C2C2DF2043A59100DF368D /* HomePageViewController.swift in Sources */,
				B8356983204359CE00982256 /* LoginViewController.swift in Sources */,
				B8CC3457204351740012A567 /* AppDelegate.swift in Sources */,
				B8C94DA32043C3CD004D0836 /* Post.swift in Sources */,
				B8C94DA62043D2FB004D0836 /* NewPostViewController.swift in Sources */,
			);
			runOnlyForDeploymentPostprocessing = 0;
		};
		B8CC3463204351740012A567 /* Sources */ = {
			isa = PBXSourcesBuildPhase;
			buildActionMask = 2147483647;
			files = (
				B8CC346C204351740012A567 /* instaTests.swift in Sources */,
			);
			runOnlyForDeploymentPostprocessing = 0;
		};
		B8CC346E204351740012A567 /* Sources */ = {
			isa = PBXSourcesBuildPhase;
			buildActionMask = 2147483647;
			files = (
				B8CC3477204351740012A567 /* instaUITests.swift in Sources */,
			);
			runOnlyForDeploymentPostprocessing = 0;
		};
/* End PBXSourcesBuildPhase section */

/* Begin PBXTargetDependency section */
		B8CC3469204351740012A567 /* PBXTargetDependency */ = {
			isa = PBXTargetDependency;
			target = B8CC3452204351740012A567 /* insta */;
			targetProxy = B8CC3468204351740012A567 /* PBXContainerItemProxy */;
		};
		B8CC3474204351740012A567 /* PBXTargetDependency */ = {
			isa = PBXTargetDependency;
			target = B8CC3452204351740012A567 /* insta */;
			targetProxy = B8CC3473204351740012A567 /* PBXContainerItemProxy */;
		};
/* End PBXTargetDependency section */

/* Begin PBXVariantGroup section */
		B8CC345A204351740012A567 /* Main.storyboard */ = {
			isa = PBXVariantGroup;
			children = (
				B8CC345B204351740012A567 /* Base */,
			);
			name = Main.storyboard;
			sourceTree = "<group>";
		};
		B8CC345F204351740012A567 /* LaunchScreen.storyboard */ = {
			isa = PBXVariantGroup;
			children = (
				B8CC3460204351740012A567 /* Base */,
			);
			name = LaunchScreen.storyboard;
			sourceTree = "<group>";
		};
/* End PBXVariantGroup section */

/* Begin XCBuildConfiguration section */
		B8CC3479204351740012A567 /* Debug */ = {
			isa = XCBuildConfiguration;
			buildSettings = {
				ALWAYS_SEARCH_USER_PATHS = NO;
				CLANG_ANALYZER_NONNULL = YES;
				CLANG_ANALYZER_NUMBER_OBJECT_CONVERSION = YES_AGGRESSIVE;
				CLANG_CXX_LANGUAGE_STANDARD = "gnu++14";
				CLANG_CXX_LIBRARY = "libc++";
				CLANG_ENABLE_MODULES = YES;
				CLANG_ENABLE_OBJC_ARC = YES;
				CLANG_WARN_BLOCK_CAPTURE_AUTORELEASING = YES;
				CLANG_WARN_BOOL_CONVERSION = YES;
				CLANG_WARN_COMMA = YES;
				CLANG_WARN_CONSTANT_CONVERSION = YES;
				CLANG_WARN_DIRECT_OBJC_ISA_USAGE = YES_ERROR;
				CLANG_WARN_DOCUMENTATION_COMMENTS = YES;
				CLANG_WARN_EMPTY_BODY = YES;
				CLANG_WARN_ENUM_CONVERSION = YES;
				CLANG_WARN_INFINITE_RECURSION = YES;
				CLANG_WARN_INT_CONVERSION = YES;
				CLANG_WARN_NON_LITERAL_NULL_CONVERSION = YES;
				CLANG_WARN_OBJC_LITERAL_CONVERSION = YES;
				CLANG_WARN_OBJC_ROOT_CLASS = YES_ERROR;
				CLANG_WARN_RANGE_LOOP_ANALYSIS = YES;
				CLANG_WARN_STRICT_PROTOTYPES = YES;
				CLANG_WARN_SUSPICIOUS_MOVE = YES;
				CLANG_WARN_UNGUARDED_AVAILABILITY = YES_AGGRESSIVE;
				CLANG_WARN_UNREACHABLE_CODE = YES;
				CLANG_WARN__DUPLICATE_METHOD_MATCH = YES;
				CODE_SIGN_IDENTITY = "iPhone Developer";
				COPY_PHASE_STRIP = NO;
				DEBUG_INFORMATION_FORMAT = dwarf;
				ENABLE_STRICT_OBJC_MSGSEND = YES;
				ENABLE_TESTABILITY = YES;
				GCC_C_LANGUAGE_STANDARD = gnu11;
				GCC_DYNAMIC_NO_PIC = NO;
				GCC_NO_COMMON_BLOCKS = YES;
				GCC_OPTIMIZATION_LEVEL = 0;
				GCC_PREPROCESSOR_DEFINITIONS = (
					"DEBUG=1",
					"$(inherited)",
				);
				GCC_WARN_64_TO_32_BIT_CONVERSION = YES;
				GCC_WARN_ABOUT_RETURN_TYPE = YES_ERROR;
				GCC_WARN_UNDECLARED_SELECTOR = YES;
				GCC_WARN_UNINITIALIZED_AUTOS = YES_AGGRESSIVE;
				GCC_WARN_UNUSED_FUNCTION = YES;
				GCC_WARN_UNUSED_VARIABLE = YES;
				IPHONEOS_DEPLOYMENT_TARGET = 11.2;
				MTL_ENABLE_DEBUG_INFO = YES;
				ONLY_ACTIVE_ARCH = YES;
				SDKROOT = iphoneos;
				SWIFT_ACTIVE_COMPILATION_CONDITIONS = DEBUG;
				SWIFT_OPTIMIZATION_LEVEL = "-Onone";
			};
			name = Debug;
		};
		B8CC347A204351740012A567 /* Release */ = {
			isa = XCBuildConfiguration;
			buildSettings = {
				ALWAYS_SEARCH_USER_PATHS = NO;
				CLANG_ANALYZER_NONNULL = YES;
				CLANG_ANALYZER_NUMBER_OBJECT_CONVERSION = YES_AGGRESSIVE;
				CLANG_CXX_LANGUAGE_STANDARD = "gnu++14";
				CLANG_CXX_LIBRARY = "libc++";
				CLANG_ENABLE_MODULES = YES;
				CLANG_ENABLE_OBJC_ARC = YES;
				CLANG_WARN_BLOCK_CAPTURE_AUTORELEASING = YES;
				CLANG_WARN_BOOL_CONVERSION = YES;
				CLANG_WARN_COMMA = YES;
				CLANG_WARN_CONSTANT_CONVERSION = YES;
				CLANG_WARN_DIRECT_OBJC_ISA_USAGE = YES_ERROR;
				CLANG_WARN_DOCUMENTATION_COMMENTS = YES;
				CLANG_WARN_EMPTY_BODY = YES;
				CLANG_WARN_ENUM_CONVERSION = YES;
				CLANG_WARN_INFINITE_RECURSION = YES;
				CLANG_WARN_INT_CONVERSION = YES;
				CLANG_WARN_NON_LITERAL_NULL_CONVERSION = YES;
				CLANG_WARN_OBJC_LITERAL_CONVERSION = YES;
				CLANG_WARN_OBJC_ROOT_CLASS = YES_ERROR;
				CLANG_WARN_RANGE_LOOP_ANALYSIS = YES;
				CLANG_WARN_STRICT_PROTOTYPES = YES;
				CLANG_WARN_SUSPICIOUS_MOVE = YES;
				CLANG_WARN_UNGUARDED_AVAILABILITY = YES_AGGRESSIVE;
				CLANG_WARN_UNREACHABLE_CODE = YES;
				CLANG_WARN__DUPLICATE_METHOD_MATCH = YES;
				CODE_SIGN_IDENTITY = "iPhone Developer";
				COPY_PHASE_STRIP = NO;
				DEBUG_INFORMATION_FORMAT = "dwarf-with-dsym";
				ENABLE_NS_ASSERTIONS = NO;
				ENABLE_STRICT_OBJC_MSGSEND = YES;
				GCC_C_LANGUAGE_STANDARD = gnu11;
				GCC_NO_COMMON_BLOCKS = YES;
				GCC_WARN_64_TO_32_BIT_CONVERSION = YES;
				GCC_WARN_ABOUT_RETURN_TYPE = YES_ERROR;
				GCC_WARN_UNDECLARED_SELECTOR = YES;
				GCC_WARN_UNINITIALIZED_AUTOS = YES_AGGRESSIVE;
				GCC_WARN_UNUSED_FUNCTION = YES;
				GCC_WARN_UNUSED_VARIABLE = YES;
				IPHONEOS_DEPLOYMENT_TARGET = 11.2;
				MTL_ENABLE_DEBUG_INFO = NO;
				SDKROOT = iphoneos;
				SWIFT_OPTIMIZATION_LEVEL = "-Owholemodule";
				VALIDATE_PRODUCT = YES;
			};
			name = Release;
		};
		B8CC347C204351740012A567 /* Debug */ = {
			isa = XCBuildConfiguration;
			baseConfigurationReference = 9547728CF0FA733EDCF24948 /* Pods-insta.debug.xcconfig */;
			buildSettings = {
				ASSETCATALOG_COMPILER_APPICON_NAME = AppIcon;
				CODE_SIGN_STYLE = Automatic;
				DEVELOPMENT_TEAM = 636ZKM32BY;
				INFOPLIST_FILE = insta/Info.plist;
				LD_RUNPATH_SEARCH_PATHS = "$(inherited) @executable_path/Frameworks";
				PRODUCT_BUNDLE_IDENTIFIER = codepath.insta;
				PRODUCT_NAME = "$(TARGET_NAME)";
				SWIFT_VERSION = 4.0;
				TARGETED_DEVICE_FAMILY = "1,2";
			};
			name = Debug;
		};
		B8CC347D204351740012A567 /* Release */ = {
			isa = XCBuildConfiguration;
			baseConfigurationReference = D2882886AD13DE0CE47645D1 /* Pods-insta.release.xcconfig */;
			buildSettings = {
				ASSETCATALOG_COMPILER_APPICON_NAME = AppIcon;
				CODE_SIGN_STYLE = Automatic;
				DEVELOPMENT_TEAM = 636ZKM32BY;
				INFOPLIST_FILE = insta/Info.plist;
				LD_RUNPATH_SEARCH_PATHS = "$(inherited) @executable_path/Frameworks";
				PRODUCT_BUNDLE_IDENTIFIER = codepath.insta;
				PRODUCT_NAME = "$(TARGET_NAME)";
				SWIFT_VERSION = 4.0;
				TARGETED_DEVICE_FAMILY = "1,2";
			};
			name = Release;
		};
		B8CC347F204351740012A567 /* Debug */ = {
			isa = XCBuildConfiguration;
			baseConfigurationReference = AB8D82B95BF0518C5E37CB7C /* Pods-instaTests.debug.xcconfig */;
			buildSettings = {
				ALWAYS_EMBED_SWIFT_STANDARD_LIBRARIES = YES;
				BUNDLE_LOADER = "$(TEST_HOST)";
				CODE_SIGN_STYLE = Automatic;
				DEVELOPMENT_TEAM = 636ZKM32BY;
				INFOPLIST_FILE = instaTests/Info.plist;
				LD_RUNPATH_SEARCH_PATHS = "$(inherited) @executable_path/Frameworks @loader_path/Frameworks";
				PRODUCT_BUNDLE_IDENTIFIER = codepath.instaTests;
				PRODUCT_NAME = "$(TARGET_NAME)";
				SWIFT_VERSION = 4.0;
				TARGETED_DEVICE_FAMILY = "1,2";
				TEST_HOST = "$(BUILT_PRODUCTS_DIR)/insta.app/insta";
			};
			name = Debug;
		};
		B8CC3480204351740012A567 /* Release */ = {
			isa = XCBuildConfiguration;
			baseConfigurationReference = E1F95CF8B6D2DD19638A2E88 /* Pods-instaTests.release.xcconfig */;
			buildSettings = {
				ALWAYS_EMBED_SWIFT_STANDARD_LIBRARIES = YES;
				BUNDLE_LOADER = "$(TEST_HOST)";
				CODE_SIGN_STYLE = Automatic;
				DEVELOPMENT_TEAM = 636ZKM32BY;
				INFOPLIST_FILE = instaTests/Info.plist;
				LD_RUNPATH_SEARCH_PATHS = "$(inherited) @executable_path/Frameworks @loader_path/Frameworks";
				PRODUCT_BUNDLE_IDENTIFIER = codepath.instaTests;
				PRODUCT_NAME = "$(TARGET_NAME)";
				SWIFT_VERSION = 4.0;
				TARGETED_DEVICE_FAMILY = "1,2";
				TEST_HOST = "$(BUILT_PRODUCTS_DIR)/insta.app/insta";
			};
			name = Release;
		};
		B8CC3482204351740012A567 /* Debug */ = {
			isa = XCBuildConfiguration;
			baseConfigurationReference = 18B289D06C536ABB37D3481D /* Pods-instaUITests.debug.xcconfig */;
			buildSettings = {
				ALWAYS_EMBED_SWIFT_STANDARD_LIBRARIES = YES;
				CODE_SIGN_STYLE = Automatic;
				DEVELOPMENT_TEAM = 636ZKM32BY;
				INFOPLIST_FILE = instaUITests/Info.plist;
				LD_RUNPATH_SEARCH_PATHS = "$(inherited) @executable_path/Frameworks @loader_path/Frameworks";
				PRODUCT_BUNDLE_IDENTIFIER = codepath.instaUITests;
				PRODUCT_NAME = "$(TARGET_NAME)";
				SWIFT_VERSION = 4.0;
				TARGETED_DEVICE_FAMILY = "1,2";
				TEST_TARGET_NAME = insta;
			};
			name = Debug;
		};
		B8CC3483204351740012A567 /* Release */ = {
			isa = XCBuildConfiguration;
			baseConfigurationReference = C67FB92E0202D2E0129BA8D5 /* Pods-instaUITests.release.xcconfig */;
			buildSettings = {
				ALWAYS_EMBED_SWIFT_STANDARD_LIBRARIES = YES;
				CODE_SIGN_STYLE = Automatic;
				DEVELOPMENT_TEAM = 636ZKM32BY;
				INFOPLIST_FILE = instaUITests/Info.plist;
				LD_RUNPATH_SEARCH_PATHS = "$(inherited) @executable_path/Frameworks @loader_path/Frameworks";
				PRODUCT_BUNDLE_IDENTIFIER = codepath.instaUITests;
				PRODUCT_NAME = "$(TARGET_NAME)";
				SWIFT_VERSION = 4.0;
				TARGETED_DEVICE_FAMILY = "1,2";
				TEST_TARGET_NAME = insta;
			};
			name = Release;
		};
/* End XCBuildConfiguration section */

/* Begin XCConfigurationList section */
		B8CC344E204351740012A567 /* Build configuration list for PBXProject "insta" */ = {
			isa = XCConfigurationList;
			buildConfigurations = (
				B8CC3479204351740012A567 /* Debug */,
				B8CC347A204351740012A567 /* Release */,
			);
			defaultConfigurationIsVisible = 0;
			defaultConfigurationName = Release;
		};
		B8CC347B204351740012A567 /* Build configuration list for PBXNativeTarget "insta" */ = {
			isa = XCConfigurationList;
			buildConfigurations = (
				B8CC347C204351740012A567 /* Debug */,
				B8CC347D204351740012A567 /* Release */,
			);
			defaultConfigurationIsVisible = 0;
			defaultConfigurationName = Release;
		};
		B8CC347E204351740012A567 /* Build configuration list for PBXNativeTarget "instaTests" */ = {
			isa = XCConfigurationList;
			buildConfigurations = (
				B8CC347F204351740012A567 /* Debug */,
				B8CC3480204351740012A567 /* Release */,
			);
			defaultConfigurationIsVisible = 0;
			defaultConfigurationName = Release;
		};
		B8CC3481204351740012A567 /* Build configuration list for PBXNativeTarget "instaUITests" */ = {
			isa = XCConfigurationList;
			buildConfigurations = (
				B8CC3482204351740012A567 /* Debug */,
				B8CC3483204351740012A567 /* Release */,
			);
			defaultConfigurationIsVisible = 0;
			defaultConfigurationName = Release;
		};
/* End XCConfigurationList section */
	};
	rootObject = B8CC344B204351740012A567 /* Project object */;
}
